// !$*UTF8*$!
{
	archiveVersion = 1;
	classes = {
	};
	objectVersion = 50;
	objects = {

/* Begin PBXBuildFile section */
		171701917FBA4538A071A513 /* Pods_FlightSketchiOS.framework in Frameworks */ = {isa = PBXBuildFile; fileRef = 2E3CD0DB2C0BC8CE53B722F0 /* Pods_FlightSketchiOS.framework */; };
		3FD45833B7D86EEB216F0E4F /* Pods_FlightSketchiOSUITests.framework in Frameworks */ = {isa = PBXBuildFile; fileRef = E5D6D3EBCE2D7F4055202186 /* Pods_FlightSketchiOSUITests.framework */; };
		C5B47D4F1D94E6B8236B1A92 /* Pods_FlightSketchiOSTests.framework in Frameworks */ = {isa = PBXBuildFile; fileRef = D8776F52DA920FB3BA541B00 /* Pods_FlightSketchiOSTests.framework */; };
		D2A2BFC32176CAD400645480 /* AppDelegate.swift in Sources */ = {isa = PBXBuildFile; fileRef = D2A2BFC22176CAD400645480 /* AppDelegate.swift */; };
		D2A2BFC52176CAD400645480 /* MainViewController.swift in Sources */ = {isa = PBXBuildFile; fileRef = D2A2BFC42176CAD400645480 /* MainViewController.swift */; };
		D2A2BFC82176CAD400645480 /* Main.storyboard in Resources */ = {isa = PBXBuildFile; fileRef = D2A2BFC62176CAD400645480 /* Main.storyboard */; };
		D2A2BFCA2176CAD700645480 /* Assets.xcassets in Resources */ = {isa = PBXBuildFile; fileRef = D2A2BFC92176CAD700645480 /* Assets.xcassets */; };
		D2A2BFCD2176CAD700645480 /* LaunchScreen.storyboard in Resources */ = {isa = PBXBuildFile; fileRef = D2A2BFCB2176CAD700645480 /* LaunchScreen.storyboard */; };
		D2A2BFD82176CAD700645480 /* FlightSketchiOSTests.swift in Sources */ = {isa = PBXBuildFile; fileRef = D2A2BFD72176CAD700645480 /* FlightSketchiOSTests.swift */; };
		D2A2BFE32176CAD700645480 /* FlightSketchiOSUITests.swift in Sources */ = {isa = PBXBuildFile; fileRef = D2A2BFE22176CAD700645480 /* FlightSketchiOSUITests.swift */; };
		D2A2BFF121778D1200645480 /* FSDeviceModelController.swift in Sources */ = {isa = PBXBuildFile; fileRef = D2A2BFF021778D1200645480 /* FSDeviceModelController.swift */; };
		D2A2BFF321778D3300645480 /* BLEConnectionModelController.swift in Sources */ = {isa = PBXBuildFile; fileRef = D2A2BFF221778D3300645480 /* BLEConnectionModelController.swift */; };
		D2A2BFF52177915900645480 /* BLEConnection.swift in Sources */ = {isa = PBXBuildFile; fileRef = D2A2BFF42177915900645480 /* BLEConnection.swift */; };
		D2A2BFF721779B3E00645480 /* ConnectionsViewController.swift in Sources */ = {isa = PBXBuildFile; fileRef = D2A2BFF621779B3E00645480 /* ConnectionsViewController.swift */; };
		D2A2BFF9217A4D3200645480 /* DeviceTableViewCell.swift in Sources */ = {isa = PBXBuildFile; fileRef = D2A2BFF8217A4D3200645480 /* DeviceTableViewCell.swift */; };
		D2A2BFFB217B9C6600645480 /* FSDeviceModel.swift in Sources */ = {isa = PBXBuildFile; fileRef = D2A2BFFA217B9C6600645480 /* FSDeviceModel.swift */; };
		D2A2BFFD217C4AE400645480 /* DataDownloadViewController.swift in Sources */ = {isa = PBXBuildFile; fileRef = D2A2BFFC217C4AE400645480 /* DataDownloadViewController.swift */; };
		D2E53FF5217F925400647547 /* AccountViewController.swift in Sources */ = {isa = PBXBuildFile; fileRef = D2E53FF4217F925400647547 /* AccountViewController.swift */; };
		D2E53FF7217F935000647547 /* FSUser.swift in Sources */ = {isa = PBXBuildFile; fileRef = D2E53FF6217F935000647547 /* FSUser.swift */; };
		D2E53FF9217F938C00647547 /* FSUsersModelController.swift in Sources */ = {isa = PBXBuildFile; fileRef = D2E53FF8217F938C00647547 /* FSUsersModelController.swift */; };
/* End PBXBuildFile section */

/* Begin PBXContainerItemProxy section */
		D2A2BFD42176CAD700645480 /* PBXContainerItemProxy */ = {
			isa = PBXContainerItemProxy;
			containerPortal = D2A2BFB72176CAD300645480 /* Project object */;
			proxyType = 1;
			remoteGlobalIDString = D2A2BFBE2176CAD400645480;
			remoteInfo = FlightSketchiOS;
		};
		D2A2BFDF2176CAD700645480 /* PBXContainerItemProxy */ = {
			isa = PBXContainerItemProxy;
			containerPortal = D2A2BFB72176CAD300645480 /* Project object */;
			proxyType = 1;
			remoteGlobalIDString = D2A2BFBE2176CAD400645480;
			remoteInfo = FlightSketchiOS;
		};
/* End PBXContainerItemProxy section */

/* Begin PBXFileReference section */
		2E3CD0DB2C0BC8CE53B722F0 /* Pods_FlightSketchiOS.framework */ = {isa = PBXFileReference; explicitFileType = wrapper.framework; includeInIndex = 0; path = Pods_FlightSketchiOS.framework; sourceTree = BUILT_PRODUCTS_DIR; };
		2F4E3E8D21AE43586AAD693D /* Pods-FlightSketchiOS.release.xcconfig */ = {isa = PBXFileReference; includeInIndex = 1; lastKnownFileType = text.xcconfig; name = "Pods-FlightSketchiOS.release.xcconfig"; path = "Pods/Target Support Files/Pods-FlightSketchiOS/Pods-FlightSketchiOS.release.xcconfig"; sourceTree = "<group>"; };
		5D8C216B51F762C5CD0FA1C4 /* Pods-FlightSketchiOSTests.debug.xcconfig */ = {isa = PBXFileReference; includeInIndex = 1; lastKnownFileType = text.xcconfig; name = "Pods-FlightSketchiOSTests.debug.xcconfig"; path = "Pods/Target Support Files/Pods-FlightSketchiOSTests/Pods-FlightSketchiOSTests.debug.xcconfig"; sourceTree = "<group>"; };
		7E674AF90EFB2E478FCD0199 /* Pods-FlightSketchiOS.debug.xcconfig */ = {isa = PBXFileReference; includeInIndex = 1; lastKnownFileType = text.xcconfig; name = "Pods-FlightSketchiOS.debug.xcconfig"; path = "Pods/Target Support Files/Pods-FlightSketchiOS/Pods-FlightSketchiOS.debug.xcconfig"; sourceTree = "<group>"; };
		92554B6F4FADF0E7E8CEF346 /* Pods-FlightSketchiOSUITests.release.xcconfig */ = {isa = PBXFileReference; includeInIndex = 1; lastKnownFileType = text.xcconfig; name = "Pods-FlightSketchiOSUITests.release.xcconfig"; path = "Pods/Target Support Files/Pods-FlightSketchiOSUITests/Pods-FlightSketchiOSUITests.release.xcconfig"; sourceTree = "<group>"; };
		C93710C01F24D1E8F78F02D1 /* Pods-FlightSketchiOSUITests.debug.xcconfig */ = {isa = PBXFileReference; includeInIndex = 1; lastKnownFileType = text.xcconfig; name = "Pods-FlightSketchiOSUITests.debug.xcconfig"; path = "Pods/Target Support Files/Pods-FlightSketchiOSUITests/Pods-FlightSketchiOSUITests.debug.xcconfig"; sourceTree = "<group>"; };
		D2A2BFBF2176CAD400645480 /* FlightSketchiOS.app */ = {isa = PBXFileReference; explicitFileType = wrapper.application; includeInIndex = 0; path = FlightSketchiOS.app; sourceTree = BUILT_PRODUCTS_DIR; };
		D2A2BFC22176CAD400645480 /* AppDelegate.swift */ = {isa = PBXFileReference; lastKnownFileType = sourcecode.swift; path = AppDelegate.swift; sourceTree = "<group>"; };
		D2A2BFC42176CAD400645480 /* MainViewController.swift */ = {isa = PBXFileReference; lastKnownFileType = sourcecode.swift; path = MainViewController.swift; sourceTree = "<group>"; };
		D2A2BFC72176CAD400645480 /* Base */ = {isa = PBXFileReference; lastKnownFileType = file.storyboard; name = Base; path = Base.lproj/Main.storyboard; sourceTree = "<group>"; };
		D2A2BFC92176CAD700645480 /* Assets.xcassets */ = {isa = PBXFileReference; lastKnownFileType = folder.assetcatalog; path = Assets.xcassets; sourceTree = "<group>"; };
		D2A2BFCC2176CAD700645480 /* Base */ = {isa = PBXFileReference; lastKnownFileType = file.storyboard; name = Base; path = Base.lproj/LaunchScreen.storyboard; sourceTree = "<group>"; };
		D2A2BFCE2176CAD700645480 /* Info.plist */ = {isa = PBXFileReference; lastKnownFileType = text.plist.xml; path = Info.plist; sourceTree = "<group>"; };
		D2A2BFD32176CAD700645480 /* FlightSketchiOSTests.xctest */ = {isa = PBXFileReference; explicitFileType = wrapper.cfbundle; includeInIndex = 0; path = FlightSketchiOSTests.xctest; sourceTree = BUILT_PRODUCTS_DIR; };
		D2A2BFD72176CAD700645480 /* FlightSketchiOSTests.swift */ = {isa = PBXFileReference; lastKnownFileType = sourcecode.swift; path = FlightSketchiOSTests.swift; sourceTree = "<group>"; };
		D2A2BFD92176CAD700645480 /* Info.plist */ = {isa = PBXFileReference; lastKnownFileType = text.plist.xml; path = Info.plist; sourceTree = "<group>"; };
		D2A2BFDE2176CAD700645480 /* FlightSketchiOSUITests.xctest */ = {isa = PBXFileReference; explicitFileType = wrapper.cfbundle; includeInIndex = 0; path = FlightSketchiOSUITests.xctest; sourceTree = BUILT_PRODUCTS_DIR; };
		D2A2BFE22176CAD700645480 /* FlightSketchiOSUITests.swift */ = {isa = PBXFileReference; lastKnownFileType = sourcecode.swift; path = FlightSketchiOSUITests.swift; sourceTree = "<group>"; };
		D2A2BFE42176CAD700645480 /* Info.plist */ = {isa = PBXFileReference; lastKnownFileType = text.plist.xml; path = Info.plist; sourceTree = "<group>"; };
		D2A2BFF021778D1200645480 /* FSDeviceModelController.swift */ = {isa = PBXFileReference; lastKnownFileType = sourcecode.swift; path = FSDeviceModelController.swift; sourceTree = "<group>"; };
		D2A2BFF221778D3300645480 /* BLEConnectionModelController.swift */ = {isa = PBXFileReference; lastKnownFileType = sourcecode.swift; path = BLEConnectionModelController.swift; sourceTree = "<group>"; };
		D2A2BFF42177915900645480 /* BLEConnection.swift */ = {isa = PBXFileReference; lastKnownFileType = sourcecode.swift; path = BLEConnection.swift; sourceTree = "<group>"; };
		D2A2BFF621779B3E00645480 /* ConnectionsViewController.swift */ = {isa = PBXFileReference; lastKnownFileType = sourcecode.swift; path = ConnectionsViewController.swift; sourceTree = "<group>"; };
		D2A2BFF8217A4D3200645480 /* DeviceTableViewCell.swift */ = {isa = PBXFileReference; lastKnownFileType = sourcecode.swift; path = DeviceTableViewCell.swift; sourceTree = "<group>"; };
		D2A2BFFA217B9C6600645480 /* FSDeviceModel.swift */ = {isa = PBXFileReference; lastKnownFileType = sourcecode.swift; path = FSDeviceModel.swift; sourceTree = "<group>"; };
		D2A2BFFC217C4AE400645480 /* DataDownloadViewController.swift */ = {isa = PBXFileReference; lastKnownFileType = sourcecode.swift; path = DataDownloadViewController.swift; sourceTree = "<group>"; };
		D2E53FF4217F925400647547 /* AccountViewController.swift */ = {isa = PBXFileReference; lastKnownFileType = sourcecode.swift; path = AccountViewController.swift; sourceTree = "<group>"; };
		D2E53FF6217F935000647547 /* FSUser.swift */ = {isa = PBXFileReference; lastKnownFileType = sourcecode.swift; path = FSUser.swift; sourceTree = "<group>"; };
		D2E53FF8217F938C00647547 /* FSUsersModelController.swift */ = {isa = PBXFileReference; lastKnownFileType = sourcecode.swift; path = FSUsersModelController.swift; sourceTree = "<group>"; };
		D8776F52DA920FB3BA541B00 /* Pods_FlightSketchiOSTests.framework */ = {isa = PBXFileReference; explicitFileType = wrapper.framework; includeInIndex = 0; path = Pods_FlightSketchiOSTests.framework; sourceTree = BUILT_PRODUCTS_DIR; };
		DB685F40E0029803B465E54A /* Pods-FlightSketchiOSTests.release.xcconfig */ = {isa = PBXFileReference; includeInIndex = 1; lastKnownFileType = text.xcconfig; name = "Pods-FlightSketchiOSTests.release.xcconfig"; path = "Pods/Target Support Files/Pods-FlightSketchiOSTests/Pods-FlightSketchiOSTests.release.xcconfig"; sourceTree = "<group>"; };
		E5D6D3EBCE2D7F4055202186 /* Pods_FlightSketchiOSUITests.framework */ = {isa = PBXFileReference; explicitFileType = wrapper.framework; includeInIndex = 0; path = Pods_FlightSketchiOSUITests.framework; sourceTree = BUILT_PRODUCTS_DIR; };
/* End PBXFileReference section */

/* Begin PBXFrameworksBuildPhase section */
		D2A2BFBC2176CAD400645480 /* Frameworks */ = {
			isa = PBXFrameworksBuildPhase;
			buildActionMask = 2147483647;
			files = (
				171701917FBA4538A071A513 /* Pods_FlightSketchiOS.framework in Frameworks */,
			);
			runOnlyForDeploymentPostprocessing = 0;
		};
		D2A2BFD02176CAD700645480 /* Frameworks */ = {
			isa = PBXFrameworksBuildPhase;
			buildActionMask = 2147483647;
			files = (
				C5B47D4F1D94E6B8236B1A92 /* Pods_FlightSketchiOSTests.framework in Frameworks */,
			);
			runOnlyForDeploymentPostprocessing = 0;
		};
		D2A2BFDB2176CAD700645480 /* Frameworks */ = {
			isa = PBXFrameworksBuildPhase;
			buildActionMask = 2147483647;
			files = (
				3FD45833B7D86EEB216F0E4F /* Pods_FlightSketchiOSUITests.framework in Frameworks */,
			);
			runOnlyForDeploymentPostprocessing = 0;
		};
/* End PBXFrameworksBuildPhase section */

/* Begin PBXGroup section */
		55828EB6C883AC0D63F8BA44 /* Pods */ = {
			isa = PBXGroup;
			children = (
				7E674AF90EFB2E478FCD0199 /* Pods-FlightSketchiOS.debug.xcconfig */,
				2F4E3E8D21AE43586AAD693D /* Pods-FlightSketchiOS.release.xcconfig */,
				5D8C216B51F762C5CD0FA1C4 /* Pods-FlightSketchiOSTests.debug.xcconfig */,
				DB685F40E0029803B465E54A /* Pods-FlightSketchiOSTests.release.xcconfig */,
				C93710C01F24D1E8F78F02D1 /* Pods-FlightSketchiOSUITests.debug.xcconfig */,
				92554B6F4FADF0E7E8CEF346 /* Pods-FlightSketchiOSUITests.release.xcconfig */,
			);
			name = Pods;
			sourceTree = "<group>";
		};
		B955C930F3C6B9ED23EAF627 /* Frameworks */ = {
			isa = PBXGroup;
			children = (
				2E3CD0DB2C0BC8CE53B722F0 /* Pods_FlightSketchiOS.framework */,
				D8776F52DA920FB3BA541B00 /* Pods_FlightSketchiOSTests.framework */,
				E5D6D3EBCE2D7F4055202186 /* Pods_FlightSketchiOSUITests.framework */,
			);
			name = Frameworks;
			sourceTree = "<group>";
		};
		D2A2BFB62176CAD300645480 = {
			isa = PBXGroup;
			children = (
				D2A2BFC12176CAD400645480 /* FlightSketchiOS */,
				D2A2BFD62176CAD700645480 /* FlightSketchiOSTests */,
				D2A2BFE12176CAD700645480 /* FlightSketchiOSUITests */,
				D2A2BFC02176CAD400645480 /* Products */,
				55828EB6C883AC0D63F8BA44 /* Pods */,
				B955C930F3C6B9ED23EAF627 /* Frameworks */,
			);
			sourceTree = "<group>";
		};
		D2A2BFC02176CAD400645480 /* Products */ = {
			isa = PBXGroup;
			children = (
				D2A2BFBF2176CAD400645480 /* FlightSketchiOS.app */,
				D2A2BFD32176CAD700645480 /* FlightSketchiOSTests.xctest */,
				D2A2BFDE2176CAD700645480 /* FlightSketchiOSUITests.xctest */,
			);
			name = Products;
			sourceTree = "<group>";
		};
		D2A2BFC12176CAD400645480 /* FlightSketchiOS */ = {
			isa = PBXGroup;
			children = (
				D2A2BFC62176CAD400645480 /* Main.storyboard */,
				D2A2BFC42176CAD400645480 /* MainViewController.swift */,
				D2A2BFFC217C4AE400645480 /* DataDownloadViewController.swift */,
				D2A2BFF621779B3E00645480 /* ConnectionsViewController.swift */,
				D2A2BFF221778D3300645480 /* BLEConnectionModelController.swift */,
				D2A2BFF42177915900645480 /* BLEConnection.swift */,
				D2E53FF4217F925400647547 /* AccountViewController.swift */,
				D2E53FF8217F938C00647547 /* FSUsersModelController.swift */,
				D2E53FF6217F935000647547 /* FSUser.swift */,
				D2A2BFF021778D1200645480 /* FSDeviceModelController.swift */,
				D2A2BFFA217B9C6600645480 /* FSDeviceModel.swift */,
				D2A2BFF8217A4D3200645480 /* DeviceTableViewCell.swift */,
				D2A2BFC92176CAD700645480 /* Assets.xcassets */,
				D2A2BFCB2176CAD700645480 /* LaunchScreen.storyboard */,
				D2A2BFC22176CAD400645480 /* AppDelegate.swift */,
				D2A2BFCE2176CAD700645480 /* Info.plist */,
			);
			path = FlightSketchiOS;
			sourceTree = "<group>";
		};
		D2A2BFD62176CAD700645480 /* FlightSketchiOSTests */ = {
			isa = PBXGroup;
			children = (
				D2A2BFD72176CAD700645480 /* FlightSketchiOSTests.swift */,
				D2A2BFD92176CAD700645480 /* Info.plist */,
			);
			path = FlightSketchiOSTests;
			sourceTree = "<group>";
		};
		D2A2BFE12176CAD700645480 /* FlightSketchiOSUITests */ = {
			isa = PBXGroup;
			children = (
				D2A2BFE22176CAD700645480 /* FlightSketchiOSUITests.swift */,
				D2A2BFE42176CAD700645480 /* Info.plist */,
			);
			path = FlightSketchiOSUITests;
			sourceTree = "<group>";
		};
/* End PBXGroup section */

/* Begin PBXNativeTarget section */
		D2A2BFBE2176CAD400645480 /* FlightSketchiOS */ = {
			isa = PBXNativeTarget;
			buildConfigurationList = D2A2BFE72176CAD700645480 /* Build configuration list for PBXNativeTarget "FlightSketchiOS" */;
			buildPhases = (
				F761C5936811CCE7C4C5DE22 /* [CP] Check Pods Manifest.lock */,
				D2A2BFBB2176CAD400645480 /* Sources */,
				D2A2BFBC2176CAD400645480 /* Frameworks */,
				D2A2BFBD2176CAD400645480 /* Resources */,
				9CF863D56C863E77C9E4B14C /* [CP] Embed Pods Frameworks */,
			);
			buildRules = (
			);
			dependencies = (
			);
			name = FlightSketchiOS;
			productName = FlightSketchiOS;
			productReference = D2A2BFBF2176CAD400645480 /* FlightSketchiOS.app */;
			productType = "com.apple.product-type.application";
		};
		D2A2BFD22176CAD700645480 /* FlightSketchiOSTests */ = {
			isa = PBXNativeTarget;
			buildConfigurationList = D2A2BFEA2176CAD700645480 /* Build configuration list for PBXNativeTarget "FlightSketchiOSTests" */;
			buildPhases = (
				53B6D3044F798997EA6BC338 /* [CP] Check Pods Manifest.lock */,
				D2A2BFCF2176CAD700645480 /* Sources */,
				D2A2BFD02176CAD700645480 /* Frameworks */,
				D2A2BFD12176CAD700645480 /* Resources */,
			);
			buildRules = (
			);
			dependencies = (
				D2A2BFD52176CAD700645480 /* PBXTargetDependency */,
			);
			name = FlightSketchiOSTests;
			productName = FlightSketchiOSTests;
			productReference = D2A2BFD32176CAD700645480 /* FlightSketchiOSTests.xctest */;
			productType = "com.apple.product-type.bundle.unit-test";
		};
		D2A2BFDD2176CAD700645480 /* FlightSketchiOSUITests */ = {
			isa = PBXNativeTarget;
			buildConfigurationList = D2A2BFED2176CAD700645480 /* Build configuration list for PBXNativeTarget "FlightSketchiOSUITests" */;
			buildPhases = (
				B464BB8F670E28C32A1164C8 /* [CP] Check Pods Manifest.lock */,
				D2A2BFDA2176CAD700645480 /* Sources */,
				D2A2BFDB2176CAD700645480 /* Frameworks */,
				D2A2BFDC2176CAD700645480 /* Resources */,
			);
			buildRules = (
			);
			dependencies = (
				D2A2BFE02176CAD700645480 /* PBXTargetDependency */,
			);
			name = FlightSketchiOSUITests;
			productName = FlightSketchiOSUITests;
			productReference = D2A2BFDE2176CAD700645480 /* FlightSketchiOSUITests.xctest */;
			productType = "com.apple.product-type.bundle.ui-testing";
		};
/* End PBXNativeTarget section */

/* Begin PBXProject section */
		D2A2BFB72176CAD300645480 /* Project object */ = {
			isa = PBXProject;
			attributes = {
				KnownAssetTags = (
					0,
					1,
				);
				LastSwiftUpdateCheck = 1000;
				LastUpgradeCheck = 1000;
				ORGANIZATIONNAME = "Russell P. Parrish";
				TargetAttributes = {
					D2A2BFBE2176CAD400645480 = {
						CreatedOnToolsVersion = 10.0;
					};
					D2A2BFD22176CAD700645480 = {
						CreatedOnToolsVersion = 10.0;
						TestTargetID = D2A2BFBE2176CAD400645480;
					};
					D2A2BFDD2176CAD700645480 = {
						CreatedOnToolsVersion = 10.0;
						TestTargetID = D2A2BFBE2176CAD400645480;
					};
				};
			};
			buildConfigurationList = D2A2BFBA2176CAD400645480 /* Build configuration list for PBXProject "FlightSketchiOS" */;
			compatibilityVersion = "Xcode 9.3";
			developmentRegion = en;
			hasScannedForEncodings = 0;
			knownRegions = (
				en,
				Base,
			);
			mainGroup = D2A2BFB62176CAD300645480;
			productRefGroup = D2A2BFC02176CAD400645480 /* Products */;
			projectDirPath = "";
			projectRoot = "";
			targets = (
				D2A2BFBE2176CAD400645480 /* FlightSketchiOS */,
				D2A2BFD22176CAD700645480 /* FlightSketchiOSTests */,
				D2A2BFDD2176CAD700645480 /* FlightSketchiOSUITests */,
			);
		};
/* End PBXProject section */

/* Begin PBXResourcesBuildPhase section */
		D2A2BFBD2176CAD400645480 /* Resources */ = {
			isa = PBXResourcesBuildPhase;
			buildActionMask = 2147483647;
			files = (
				D2A2BFCD2176CAD700645480 /* LaunchScreen.storyboard in Resources */,
				D2A2BFCA2176CAD700645480 /* Assets.xcassets in Resources */,
				D2A2BFC82176CAD400645480 /* Main.storyboard in Resources */,
			);
			runOnlyForDeploymentPostprocessing = 0;
		};
		D2A2BFD12176CAD700645480 /* Resources */ = {
			isa = PBXResourcesBuildPhase;
			buildActionMask = 2147483647;
			files = (
			);
			runOnlyForDeploymentPostprocessing = 0;
		};
		D2A2BFDC2176CAD700645480 /* Resources */ = {
			isa = PBXResourcesBuildPhase;
			buildActionMask = 2147483647;
			files = (
			);
			runOnlyForDeploymentPostprocessing = 0;
		};
/* End PBXResourcesBuildPhase section */

/* Begin PBXShellScriptBuildPhase section */
		53B6D3044F798997EA6BC338 /* [CP] Check Pods Manifest.lock */ = {
			isa = PBXShellScriptBuildPhase;
			buildActionMask = 2147483647;
			files = (
			);
			inputFileListPaths = (
			);
			inputPaths = (
				"${PODS_PODFILE_DIR_PATH}/Podfile.lock",
				"${PODS_ROOT}/Manifest.lock",
			);
			name = "[CP] Check Pods Manifest.lock";
			outputFileListPaths = (
			);
			outputPaths = (
				"$(DERIVED_FILE_DIR)/Pods-FlightSketchiOSTests-checkManifestLockResult.txt",
			);
			runOnlyForDeploymentPostprocessing = 0;
			shellPath = /bin/sh;
			shellScript = "diff \"${PODS_PODFILE_DIR_PATH}/Podfile.lock\" \"${PODS_ROOT}/Manifest.lock\" > /dev/null\nif [ $? != 0 ] ; then\n    # print error to STDERR\n    echo \"error: The sandbox is not in sync with the Podfile.lock. Run 'pod install' or update your CocoaPods installation.\" >&2\n    exit 1\nfi\n# This output is used by Xcode 'outputs' to avoid re-running this script phase.\necho \"SUCCESS\" > \"${SCRIPT_OUTPUT_FILE_0}\"\n";
			showEnvVarsInLog = 0;
		};
		9CF863D56C863E77C9E4B14C /* [CP] Embed Pods Frameworks */ = {
			isa = PBXShellScriptBuildPhase;
			buildActionMask = 2147483647;
			files = (
			);
			inputFileListPaths = (
			);
			inputPaths = (
				"${SRCROOT}/Pods/Target Support Files/Pods-FlightSketchiOS/Pods-FlightSketchiOS-frameworks.sh",
				"${BUILT_PRODUCTS_DIR}/Alamofire/Alamofire.framework",
			);
			name = "[CP] Embed Pods Frameworks";
			outputFileListPaths = (
			);
			outputPaths = (
				"${TARGET_BUILD_DIR}/${FRAMEWORKS_FOLDER_PATH}/Alamofire.framework",
			);
			runOnlyForDeploymentPostprocessing = 0;
			shellPath = /bin/sh;
			shellScript = "\"${SRCROOT}/Pods/Target Support Files/Pods-FlightSketchiOS/Pods-FlightSketchiOS-frameworks.sh\"\n";
			showEnvVarsInLog = 0;
		};
		B464BB8F670E28C32A1164C8 /* [CP] Check Pods Manifest.lock */ = {
			isa = PBXShellScriptBuildPhase;
			buildActionMask = 2147483647;
			files = (
			);
			inputFileListPaths = (
			);
			inputPaths = (
				"${PODS_PODFILE_DIR_PATH}/Podfile.lock",
				"${PODS_ROOT}/Manifest.lock",
			);
			name = "[CP] Check Pods Manifest.lock";
			outputFileListPaths = (
			);
			outputPaths = (
				"$(DERIVED_FILE_DIR)/Pods-FlightSketchiOSUITests-checkManifestLockResult.txt",
			);
			runOnlyForDeploymentPostprocessing = 0;
			shellPath = /bin/sh;
			shellScript = "diff \"${PODS_PODFILE_DIR_PATH}/Podfile.lock\" \"${PODS_ROOT}/Manifest.lock\" > /dev/null\nif [ $? != 0 ] ; then\n    # print error to STDERR\n    echo \"error: The sandbox is not in sync with the Podfile.lock. Run 'pod install' or update your CocoaPods installation.\" >&2\n    exit 1\nfi\n# This output is used by Xcode 'outputs' to avoid re-running this script phase.\necho \"SUCCESS\" > \"${SCRIPT_OUTPUT_FILE_0}\"\n";
			showEnvVarsInLog = 0;
		};
		F761C5936811CCE7C4C5DE22 /* [CP] Check Pods Manifest.lock */ = {
			isa = PBXShellScriptBuildPhase;
			buildActionMask = 2147483647;
			files = (
			);
			inputFileListPaths = (
			);
			inputPaths = (
				"${PODS_PODFILE_DIR_PATH}/Podfile.lock",
				"${PODS_ROOT}/Manifest.lock",
			);
			name = "[CP] Check Pods Manifest.lock";
			outputFileListPaths = (
			);
			outputPaths = (
				"$(DERIVED_FILE_DIR)/Pods-FlightSketchiOS-checkManifestLockResult.txt",
			);
			runOnlyForDeploymentPostprocessing = 0;
			shellPath = /bin/sh;
			shellScript = "diff \"${PODS_PODFILE_DIR_PATH}/Podfile.lock\" \"${PODS_ROOT}/Manifest.lock\" > /dev/null\nif [ $? != 0 ] ; then\n    # print error to STDERR\n    echo \"error: The sandbox is not in sync with the Podfile.lock. Run 'pod install' or update your CocoaPods installation.\" >&2\n    exit 1\nfi\n# This output is used by Xcode 'outputs' to avoid re-running this script phase.\necho \"SUCCESS\" > \"${SCRIPT_OUTPUT_FILE_0}\"\n";
			showEnvVarsInLog = 0;
		};
/* End PBXShellScriptBuildPhase section */

/* Begin PBXSourcesBuildPhase section */
		D2A2BFBB2176CAD400645480 /* Sources */ = {
			isa = PBXSourcesBuildPhase;
			buildActionMask = 2147483647;
			files = (
				D2A2BFC52176CAD400645480 /* MainViewController.swift in Sources */,
				D2A2BFF52177915900645480 /* BLEConnection.swift in Sources */,
				D2A2BFFB217B9C6600645480 /* FSDeviceModel.swift in Sources */,
				D2E53FF9217F938C00647547 /* FSUsersModelController.swift in Sources */,
				D2A2BFF721779B3E00645480 /* ConnectionsViewController.swift in Sources */,
				D2A2BFFD217C4AE400645480 /* DataDownloadViewController.swift in Sources */,
				D2A2BFF321778D3300645480 /* BLEConnectionModelController.swift in Sources */,
				D2E53FF5217F925400647547 /* AccountViewController.swift in Sources */,
				D2A2BFC32176CAD400645480 /* AppDelegate.swift in Sources */,
				D2A2BFF121778D1200645480 /* FSDeviceModelController.swift in Sources */,
				D2E53FF7217F935000647547 /* FSUser.swift in Sources */,
				D2A2BFF9217A4D3200645480 /* DeviceTableViewCell.swift in Sources */,
			);
			runOnlyForDeploymentPostprocessing = 0;
		};
		D2A2BFCF2176CAD700645480 /* Sources */ = {
			isa = PBXSourcesBuildPhase;
			buildActionMask = 2147483647;
			files = (
				D2A2BFD82176CAD700645480 /* FlightSketchiOSTests.swift in Sources */,
			);
			runOnlyForDeploymentPostprocessing = 0;
		};
		D2A2BFDA2176CAD700645480 /* Sources */ = {
			isa = PBXSourcesBuildPhase;
			buildActionMask = 2147483647;
			files = (
				D2A2BFE32176CAD700645480 /* FlightSketchiOSUITests.swift in Sources */,
			);
			runOnlyForDeploymentPostprocessing = 0;
		};
/* End PBXSourcesBuildPhase section */

/* Begin PBXTargetDependency section */
		D2A2BFD52176CAD700645480 /* PBXTargetDependency */ = {
			isa = PBXTargetDependency;
			target = D2A2BFBE2176CAD400645480 /* FlightSketchiOS */;
			targetProxy = D2A2BFD42176CAD700645480 /* PBXContainerItemProxy */;
		};
		D2A2BFE02176CAD700645480 /* PBXTargetDependency */ = {
			isa = PBXTargetDependency;
			target = D2A2BFBE2176CAD400645480 /* FlightSketchiOS */;
			targetProxy = D2A2BFDF2176CAD700645480 /* PBXContainerItemProxy */;
		};
/* End PBXTargetDependency section */

/* Begin PBXVariantGroup section */
		D2A2BFC62176CAD400645480 /* Main.storyboard */ = {
			isa = PBXVariantGroup;
			children = (
				D2A2BFC72176CAD400645480 /* Base */,
			);
			name = Main.storyboard;
			sourceTree = "<group>";
		};
		D2A2BFCB2176CAD700645480 /* LaunchScreen.storyboard */ = {
			isa = PBXVariantGroup;
			children = (
				D2A2BFCC2176CAD700645480 /* Base */,
			);
			name = LaunchScreen.storyboard;
			sourceTree = "<group>";
		};
/* End PBXVariantGroup section */

/* Begin XCBuildConfiguration section */
		D2A2BFE52176CAD700645480 /* Debug */ = {
			isa = XCBuildConfiguration;
			buildSettings = {
				ALWAYS_SEARCH_USER_PATHS = NO;
				CLANG_ANALYZER_NONNULL = YES;
				CLANG_ANALYZER_NUMBER_OBJECT_CONVERSION = YES_AGGRESSIVE;
				CLANG_CXX_LANGUAGE_STANDARD = "gnu++14";
				CLANG_CXX_LIBRARY = "libc++";
				CLANG_ENABLE_MODULES = YES;
				CLANG_ENABLE_OBJC_ARC = YES;
				CLANG_ENABLE_OBJC_WEAK = YES;
				CLANG_WARN_BLOCK_CAPTURE_AUTORELEASING = YES;
				CLANG_WARN_BOOL_CONVERSION = YES;
				CLANG_WARN_COMMA = YES;
				CLANG_WARN_CONSTANT_CONVERSION = YES;
				CLANG_WARN_DEPRECATED_OBJC_IMPLEMENTATIONS = YES;
				CLANG_WARN_DIRECT_OBJC_ISA_USAGE = YES_ERROR;
				CLANG_WARN_DOCUMENTATION_COMMENTS = YES;
				CLANG_WARN_EMPTY_BODY = YES;
				CLANG_WARN_ENUM_CONVERSION = YES;
				CLANG_WARN_INFINITE_RECURSION = YES;
				CLANG_WARN_INT_CONVERSION = YES;
				CLANG_WARN_NON_LITERAL_NULL_CONVERSION = YES;
				CLANG_WARN_OBJC_IMPLICIT_RETAIN_SELF = YES;
				CLANG_WARN_OBJC_LITERAL_CONVERSION = YES;
				CLANG_WARN_OBJC_ROOT_CLASS = YES_ERROR;
				CLANG_WARN_RANGE_LOOP_ANALYSIS = YES;
				CLANG_WARN_STRICT_PROTOTYPES = YES;
				CLANG_WARN_SUSPICIOUS_MOVE = YES;
				CLANG_WARN_UNGUARDED_AVAILABILITY = YES_AGGRESSIVE;
				CLANG_WARN_UNREACHABLE_CODE = YES;
				CLANG_WARN__DUPLICATE_METHOD_MATCH = YES;
				CODE_SIGN_IDENTITY = "iPhone Developer";
				COPY_PHASE_STRIP = NO;
				DEBUG_INFORMATION_FORMAT = dwarf;
				ENABLE_STRICT_OBJC_MSGSEND = YES;
				ENABLE_TESTABILITY = YES;
				GCC_C_LANGUAGE_STANDARD = gnu11;
				GCC_DYNAMIC_NO_PIC = NO;
				GCC_NO_COMMON_BLOCKS = YES;
				GCC_OPTIMIZATION_LEVEL = 0;
				GCC_PREPROCESSOR_DEFINITIONS = (
					"DEBUG=1",
					"$(inherited)",
				);
				GCC_WARN_64_TO_32_BIT_CONVERSION = YES;
				GCC_WARN_ABOUT_RETURN_TYPE = YES_ERROR;
				GCC_WARN_UNDECLARED_SELECTOR = YES;
				GCC_WARN_UNINITIALIZED_AUTOS = YES_AGGRESSIVE;
				GCC_WARN_UNUSED_FUNCTION = YES;
				GCC_WARN_UNUSED_VARIABLE = YES;
				IPHONEOS_DEPLOYMENT_TARGET = 12.0;
				MTL_ENABLE_DEBUG_INFO = INCLUDE_SOURCE;
				MTL_FAST_MATH = YES;
				ONLY_ACTIVE_ARCH = YES;
				SDKROOT = iphoneos;
				SWIFT_ACTIVE_COMPILATION_CONDITIONS = DEBUG;
				SWIFT_OPTIMIZATION_LEVEL = "-Onone";
			};
			name = Debug;
		};
		D2A2BFE62176CAD700645480 /* Release */ = {
			isa = XCBuildConfiguration;
			buildSettings = {
				ALWAYS_SEARCH_USER_PATHS = NO;
				CLANG_ANALYZER_NONNULL = YES;
				CLANG_ANALYZER_NUMBER_OBJECT_CONVERSION = YES_AGGRESSIVE;
				CLANG_CXX_LANGUAGE_STANDARD = "gnu++14";
				CLANG_CXX_LIBRARY = "libc++";
				CLANG_ENABLE_MODULES = YES;
				CLANG_ENABLE_OBJC_ARC = YES;
				CLANG_ENABLE_OBJC_WEAK = YES;
				CLANG_WARN_BLOCK_CAPTURE_AUTORELEASING = YES;
				CLANG_WARN_BOOL_CONVERSION = YES;
				CLANG_WARN_COMMA = YES;
				CLANG_WARN_CONSTANT_CONVERSION = YES;
				CLANG_WARN_DEPRECATED_OBJC_IMPLEMENTATIONS = YES;
				CLANG_WARN_DIRECT_OBJC_ISA_USAGE = YES_ERROR;
				CLANG_WARN_DOCUMENTATION_COMMENTS = YES;
				CLANG_WARN_EMPTY_BODY = YES;
				CLANG_WARN_ENUM_CONVERSION = YES;
				CLANG_WARN_INFINITE_RECURSION = YES;
				CLANG_WARN_INT_CONVERSION = YES;
				CLANG_WARN_NON_LITERAL_NULL_CONVERSION = YES;
				CLANG_WARN_OBJC_IMPLICIT_RETAIN_SELF = YES;
				CLANG_WARN_OBJC_LITERAL_CONVERSION = YES;
				CLANG_WARN_OBJC_ROOT_CLASS = YES_ERROR;
				CLANG_WARN_RANGE_LOOP_ANALYSIS = YES;
				CLANG_WARN_STRICT_PROTOTYPES = YES;
				CLANG_WARN_SUSPICIOUS_MOVE = YES;
				CLANG_WARN_UNGUARDED_AVAILABILITY = YES_AGGRESSIVE;
				CLANG_WARN_UNREACHABLE_CODE = YES;
				CLANG_WARN__DUPLICATE_METHOD_MATCH = YES;
				CODE_SIGN_IDENTITY = "iPhone Developer";
				COPY_PHASE_STRIP = NO;
				DEBUG_INFORMATION_FORMAT = "dwarf-with-dsym";
				ENABLE_NS_ASSERTIONS = NO;
				ENABLE_STRICT_OBJC_MSGSEND = YES;
				GCC_C_LANGUAGE_STANDARD = gnu11;
				GCC_NO_COMMON_BLOCKS = YES;
				GCC_WARN_64_TO_32_BIT_CONVERSION = YES;
				GCC_WARN_ABOUT_RETURN_TYPE = YES_ERROR;
				GCC_WARN_UNDECLARED_SELECTOR = YES;
				GCC_WARN_UNINITIALIZED_AUTOS = YES_AGGRESSIVE;
				GCC_WARN_UNUSED_FUNCTION = YES;
				GCC_WARN_UNUSED_VARIABLE = YES;
				IPHONEOS_DEPLOYMENT_TARGET = 12.0;
				MTL_ENABLE_DEBUG_INFO = NO;
				MTL_FAST_MATH = YES;
				SDKROOT = iphoneos;
				SWIFT_COMPILATION_MODE = wholemodule;
				SWIFT_OPTIMIZATION_LEVEL = "-O";
				VALIDATE_PRODUCT = YES;
			};
			name = Release;
		};
		D2A2BFE82176CAD700645480 /* Debug */ = {
			isa = XCBuildConfiguration;
			baseConfigurationReference = 7E674AF90EFB2E478FCD0199 /* Pods-FlightSketchiOS.debug.xcconfig */;
			buildSettings = {
				ASSETCATALOG_COMPILER_APPICON_NAME = AppIcon;
				CODE_SIGN_STYLE = Automatic;
				DEVELOPMENT_TEAM = CJ5HMKXPL8;
				INFOPLIST_FILE = FlightSketchiOS/Info.plist;
				LD_RUNPATH_SEARCH_PATHS = (
					"$(inherited)",
					"@executable_path/Frameworks",
				);
				PRODUCT_BUNDLE_IDENTIFIER = FlightSketch.FlightSketchiOS;
				PRODUCT_NAME = "$(TARGET_NAME)";
				SWIFT_VERSION = 4.2;
				TARGETED_DEVICE_FAMILY = "1,2";
			};
			name = Debug;
		};
		D2A2BFE92176CAD700645480 /* Release */ = {
			isa = XCBuildConfiguration;
			baseConfigurationReference = 2F4E3E8D21AE43586AAD693D /* Pods-FlightSketchiOS.release.xcconfig */;
			buildSettings = {
				ASSETCATALOG_COMPILER_APPICON_NAME = AppIcon;
				CODE_SIGN_STYLE = Automatic;
				DEVELOPMENT_TEAM = CJ5HMKXPL8;
				INFOPLIST_FILE = FlightSketchiOS/Info.plist;
				LD_RUNPATH_SEARCH_PATHS = (
					"$(inherited)",
					"@executable_path/Frameworks",
				);
				PRODUCT_BUNDLE_IDENTIFIER = FlightSketch.FlightSketchiOS;
				PRODUCT_NAME = "$(TARGET_NAME)";
				SWIFT_VERSION = 4.2;
				TARGETED_DEVICE_FAMILY = "1,2";
			};
			name = Release;
		};
		D2A2BFEB2176CAD700645480 /* Debug */ = {
			isa = XCBuildConfiguration;
			baseConfigurationReference = 5D8C216B51F762C5CD0FA1C4 /* Pods-FlightSketchiOSTests.debug.xcconfig */;
			buildSettings = {
				ALWAYS_EMBED_SWIFT_STANDARD_LIBRARIES = YES;
				BUNDLE_LOADER = "$(TEST_HOST)";
				CODE_SIGN_STYLE = Automatic;
				DEVELOPMENT_TEAM = CJ5HMKXPL8;
				INFOPLIST_FILE = FlightSketchiOSTests/Info.plist;
				LD_RUNPATH_SEARCH_PATHS = (
					"$(inherited)",
					"@executable_path/Frameworks",
					"@loader_path/Frameworks",
				);
				PRODUCT_BUNDLE_IDENTIFIER = FlightSketch.FlightSketchiOSTests;
				PRODUCT_NAME = "$(TARGET_NAME)";
				SWIFT_VERSION = 4.2;
				TARGETED_DEVICE_FAMILY = "1,2";
				TEST_HOST = "$(BUILT_PRODUCTS_DIR)/FlightSketchiOS.app/FlightSketchiOS";
			};
			name = Debug;
		};
		D2A2BFEC2176CAD700645480 /* Release */ = {
			isa = XCBuildConfiguration;
			baseConfigurationReference = DB685F40E0029803B465E54A /* Pods-FlightSketchiOSTests.release.xcconfig */;
			buildSettings = {
				ALWAYS_EMBED_SWIFT_STANDARD_LIBRARIES = YES;
				BUNDLE_LOADER = "$(TEST_HOST)";
				CODE_SIGN_STYLE = Automatic;
				DEVELOPMENT_TEAM = CJ5HMKXPL8;
				INFOPLIST_FILE = FlightSketchiOSTests/Info.plist;
				LD_RUNPATH_SEARCH_PATHS = (
					"$(inherited)",
					"@executable_path/Frameworks",
					"@loader_path/Frameworks",
				);
				PRODUCT_BUNDLE_IDENTIFIER = FlightSketch.FlightSketchiOSTests;
				PRODUCT_NAME = "$(TARGET_NAME)";
				SWIFT_VERSION = 4.2;
				TARGETED_DEVICE_FAMILY = "1,2";
				TEST_HOST = "$(BUILT_PRODUCTS_DIR)/FlightSketchiOS.app/FlightSketchiOS";
			};
			name = Release;
		};
		D2A2BFEE2176CAD700645480 /* Debug */ = {
			isa = XCBuildConfiguration;
			baseConfigurationReference = C93710C01F24D1E8F78F02D1 /* Pods-FlightSketchiOSUITests.debug.xcconfig */;
			buildSettings = {
				ALWAYS_EMBED_SWIFT_STANDARD_LIBRARIES = YES;
				CODE_SIGN_STYLE = Automatic;
				DEVELOPMENT_TEAM = CJ5HMKXPL8;
				INFOPLIST_FILE = FlightSketchiOSUITests/Info.plist;
				LD_RUNPATH_SEARCH_PATHS = (
					"$(inherited)",
					"@executable_path/Frameworks",
					"@loader_path/Frameworks",
				);
				PRODUCT_BUNDLE_IDENTIFIER = FlightSketch.FlightSketchiOSUITests;
				PRODUCT_NAME = "$(TARGET_NAME)";
				SWIFT_VERSION = 4.2;
				TARGETED_DEVICE_FAMILY = "1,2";
				TEST_TARGET_NAME = FlightSketchiOS;
			};
			name = Debug;
		};
		D2A2BFEF2176CAD700645480 /* Release */ = {
			isa = XCBuildConfiguration;
			baseConfigurationReference = 92554B6F4FADF0E7E8CEF346 /* Pods-FlightSketchiOSUITests.release.xcconfig */;
			buildSettings = {
				ALWAYS_EMBED_SWIFT_STANDARD_LIBRARIES = YES;
				CODE_SIGN_STYLE = Automatic;
				DEVELOPMENT_TEAM = CJ5HMKXPL8;
				INFOPLIST_FILE = FlightSketchiOSUITests/Info.plist;
				LD_RUNPATH_SEARCH_PATHS = (
					"$(inherited)",
					"@executable_path/Frameworks",
					"@loader_path/Frameworks",
				);
				PRODUCT_BUNDLE_IDENTIFIER = FlightSketch.FlightSketchiOSUITests;
				PRODUCT_NAME = "$(TARGET_NAME)";
				SWIFT_VERSION = 4.2;
				TARGETED_DEVICE_FAMILY = "1,2";
				TEST_TARGET_NAME = FlightSketchiOS;
			};
			name = Release;
		};
/* End XCBuildConfiguration section */

/* Begin XCConfigurationList section */
		D2A2BFBA2176CAD400645480 /* Build configuration list for PBXProject "FlightSketchiOS" */ = {
			isa = XCConfigurationList;
			buildConfigurations = (
				D2A2BFE52176CAD700645480 /* Debug */,
				D2A2BFE62176CAD700645480 /* Release */,
			);
			defaultConfigurationIsVisible = 0;
			defaultConfigurationName = Release;
		};
		D2A2BFE72176CAD700645480 /* Build configuration list for PBXNativeTarget "FlightSketchiOS" */ = {
			isa = XCConfigurationList;
			buildConfigurations = (
				D2A2BFE82176CAD700645480 /* Debug */,
				D2A2BFE92176CAD700645480 /* Release */,
			);
			defaultConfigurationIsVisible = 0;
			defaultConfigurationName = Release;
		};
		D2A2BFEA2176CAD700645480 /* Build configuration list for PBXNativeTarget "FlightSketchiOSTests" */ = {
			isa = XCConfigurationList;
			buildConfigurations = (
				D2A2BFEB2176CAD700645480 /* Debug */,
				D2A2BFEC2176CAD700645480 /* Release */,
			);
			defaultConfigurationIsVisible = 0;
			defaultConfigurationName = Release;
		};
		D2A2BFED2176CAD700645480 /* Build configuration list for PBXNativeTarget "FlightSketchiOSUITests" */ = {
			isa = XCConfigurationList;
			buildConfigurations = (
				D2A2BFEE2176CAD700645480 /* Debug */,
				D2A2BFEF2176CAD700645480 /* Release */,
			);
			defaultConfigurationIsVisible = 0;
			defaultConfigurationName = Release;
		};
/* End XCConfigurationList section */
	};
	rootObject = D2A2BFB72176CAD300645480 /* Project object */;
}
